
Microsoft Visual Studio Solution File, Format Version 11.00
# Visual Studio 2010
Project("{FAE04EC0-301F-11D3-BF4B-00C04F79EFBC}") = "Arduino-Unity-Bridge", "Assembly-CSharp-firstpass.csproj", "{BE768180-369E-2FE1-F708-494AE016EDD3}"
EndProject
Project("{FAE04EC0-301F-11D3-BF4B-00C04F79EFBC}") = "Arduino-Unity-Bridge", "Assembly-CSharp.csproj", "{9E82C770-E64A-16F1-9788-8DC519A41E7E}"
EndProject
Global
	GlobalSection(SolutionConfigurationPlatforms) = preSolution
		Debug|Any CPU = Debug|Any CPU
		Release|Any CPU = Release|Any CPU
	EndGlobalSection
	GlobalSection(ProjectConfigurationPlatforms) = postSolution
		{BE768180-369E-2FE1-F708-494AE016EDD3}.Debug|Any CPU.ActiveCfg = Debug|Any CPU
		{BE768180-369E-2FE1-F708-494AE016EDD3}.Debug|Any CPU.Build.0 = Debug|Any CPU
		{BE768180-369E-2FE1-F708-494AE016EDD3}.Release|Any CPU.ActiveCfg = Release|Any CPU
		{BE768180-369E-2FE1-F708-494AE016EDD3}.Release|Any CPU.Build.0 = Release|Any CPU
		{9E82C770-E64A-16F1-9788-8DC519A41E7E}.Debug|Any CPU.ActiveCfg = Debug|Any CPU
		{9E82C770-E64A-16F1-9788-8DC519A41E7E}.Debug|Any CPU.Build.0 = Debug|Any CPU
		{9E82C770-E64A-16F1-9788-8DC519A41E7E}.Release|Any CPU.ActiveCfg = Release|Any CPU
		{9E82C770-E64A-16F1-9788-8DC519A41E7E}.Release|Any CPU.Build.0 = Release|Any CPU
	EndGlobalSection
	GlobalSection(SolutionProperties) = preSolution
		HideSolutionNode = FALSE
	EndGlobalSection
	GlobalSection(MonoDevelopProperties) = preSolution
		StartupItem = Assembly-CSharp.csproj
	EndGlobalSection
EndGlobal
